github.com/raflibima25/go-say-hello v1.5.0 h1:AQvp9R9Y0PaFqkdq4nja1Oy7d3QV2bx1IcqsadhH9+0=
github.com/raflibima25/go-say-hello v1.5.0/go.mod h1:/Sa5ZIyPAw7nIY1jbpfyJS/LaonoH2BTXX8nP1tyb6Q=
github.com/raflibima25/go-say-hello/v2 v2.0.0 h1:TaRbGC9dPFvsUngoCLCGLnuujqTVnF+hCpuKDuVHnA4=
github.com/raflibima25/go-say-hello/v2 v2.0.0/go.mod h1:Dj0g7GK8KEBgwrZ8srD0Y4BfU++iumGYaRBUCbYgHAI=
